// !$*UTF8*$!
{
	archiveVersion = 1;
	classes = {
	};
	objectVersion = 46;
	objects = {

/* Begin PBXBuildFile section */
		4079933B18F36A2400B847AD /* Foundation.framework in Frameworks */ = {isa = PBXBuildFile; fileRef = 4079933A18F36A2400B847AD /* Foundation.framework */; };
		4079933D18F36A2400B847AD /* CoreGraphics.framework in Frameworks */ = {isa = PBXBuildFile; fileRef = 4079933C18F36A2400B847AD /* CoreGraphics.framework */; };
		4079933F18F36A2400B847AD /* UIKit.framework in Frameworks */ = {isa = PBXBuildFile; fileRef = 4079933E18F36A2400B847AD /* UIKit.framework */; };
		4079934518F36A2400B847AD /* InfoPlist.strings in Resources */ = {isa = PBXBuildFile; fileRef = 4079934318F36A2400B847AD /* InfoPlist.strings */; };
		4079934718F36A2400B847AD /* main.m in Sources */ = {isa = PBXBuildFile; fileRef = 4079934618F36A2400B847AD /* main.m */; };
		4079934B18F36A2400B847AD /* EDAppDelegate.m in Sources */ = {isa = PBXBuildFile; fileRef = 4079934A18F36A2400B847AD /* EDAppDelegate.m */; };
		4079934E18F36A2400B847AD /* Main.storyboard in Resources */ = {isa = PBXBuildFile; fileRef = 4079934C18F36A2400B847AD /* Main.storyboard */; };
		4079935118F36A2400B847AD /* EDViewController.m in Sources */ = {isa = PBXBuildFile; fileRef = 4079935018F36A2400B847AD /* EDViewController.m */; };
		4079935318F36A2400B847AD /* Images.xcassets in Resources */ = {isa = PBXBuildFile; fileRef = 4079935218F36A2400B847AD /* Images.xcassets */; };
		4079935A18F36A2400B847AD /* XCTest.framework in Frameworks */ = {isa = PBXBuildFile; fileRef = 4079935918F36A2400B847AD /* XCTest.framework */; };
		4079935B18F36A2400B847AD /* Foundation.framework in Frameworks */ = {isa = PBXBuildFile; fileRef = 4079933A18F36A2400B847AD /* Foundation.framework */; };
		4079935C18F36A2400B847AD /* UIKit.framework in Frameworks */ = {isa = PBXBuildFile; fileRef = 4079933E18F36A2400B847AD /* UIKit.framework */; };
		4079936418F36A2400B847AD /* InfoPlist.strings in Resources */ = {isa = PBXBuildFile; fileRef = 4079936218F36A2400B847AD /* InfoPlist.strings */; };
		4079936618F36A2400B847AD /* EstimoteDemoTests.m in Sources */ = {isa = PBXBuildFile; fileRef = 4079936518F36A2400B847AD /* EstimoteDemoTests.m */; };
/* End PBXBuildFile section */

/* Begin PBXContainerItemProxy section */
		4079935D18F36A2400B847AD /* PBXContainerItemProxy */ = {
			isa = PBXContainerItemProxy;
			containerPortal = 4079932F18F36A2400B847AD /* Project object */;
			proxyType = 1;
			remoteGlobalIDString = 4079933618F36A2400B847AD;
			remoteInfo = EstimoteDemo;
		};
/* End PBXContainerItemProxy section */

/* Begin PBXFileReference section */
		4079933718F36A2400B847AD /* EstimoteDemo.app */ = {isa = PBXFileReference; explicitFileType = wrapper.application; includeInIndex = 0; path = EstimoteDemo.app; sourceTree = BUILT_PRODUCTS_DIR; };
		4079933A18F36A2400B847AD /* Foundation.framework */ = {isa = PBXFileReference; lastKnownFileType = wrapper.framework; name = Foundation.framework; path = System/Library/Frameworks/Foundation.framework; sourceTree = SDKROOT; };
		4079933C18F36A2400B847AD /* CoreGraphics.framework */ = {isa = PBXFileReference; lastKnownFileType = wrapper.framework; name = CoreGraphics.framework; path = System/Library/Frameworks/CoreGraphics.framework; sourceTree = SDKROOT; };
		4079933E18F36A2400B847AD /* UIKit.framework */ = {isa = PBXFileReference; lastKnownFileType = wrapper.framework; name = UIKit.framework; path = System/Library/Frameworks/UIKit.framework; sourceTree = SDKROOT; };
		4079934218F36A2400B847AD /* EstimoteDemo-Info.plist */ = {isa = PBXFileReference; lastKnownFileType = text.plist.xml; path = "EstimoteDemo-Info.plist"; sourceTree = "<group>"; };
		4079934418F36A2400B847AD /* en */ = {isa = PBXFileReference; lastKnownFileType = text.plist.strings; name = en; path = en.lproj/InfoPlist.strings; sourceTree = "<group>"; };
		4079934618F36A2400B847AD /* main.m */ = {isa = PBXFileReference; lastKnownFileType = sourcecode.c.objc; path = main.m; sourceTree = "<group>"; };
		4079934818F36A2400B847AD /* EstimoteDemo-Prefix.pch */ = {isa = PBXFileReference; lastKnownFileType = sourcecode.c.h; path = "EstimoteDemo-Prefix.pch"; sourceTree = "<group>"; };
		4079934918F36A2400B847AD /* EDAppDelegate.h */ = {isa = PBXFileReference; lastKnownFileType = sourcecode.c.h; path = EDAppDelegate.h; sourceTree = "<group>"; };
		4079934A18F36A2400B847AD /* EDAppDelegate.m */ = {isa = PBXFileReference; lastKnownFileType = sourcecode.c.objc; path = EDAppDelegate.m; sourceTree = "<group>"; };
		4079934D18F36A2400B847AD /* Base */ = {isa = PBXFileReference; lastKnownFileType = file.storyboard; name = Base; path = Base.lproj/Main.storyboard; sourceTree = "<group>"; };
		4079934F18F36A2400B847AD /* EDViewController.h */ = {isa = PBXFileReference; lastKnownFileType = sourcecode.c.h; path = EDViewController.h; sourceTree = "<group>"; };
		4079935018F36A2400B847AD /* EDViewController.m */ = {isa = PBXFileReference; lastKnownFileType = sourcecode.c.objc; path = EDViewController.m; sourceTree = "<group>"; };
		4079935218F36A2400B847AD /* Images.xcassets */ = {isa = PBXFileReference; lastKnownFileType = folder.assetcatalog; path = Images.xcassets; sourceTree = "<group>"; };
		4079935818F36A2400B847AD /* EstimoteDemoTests.xctest */ = {isa = PBXFileReference; explicitFileType = wrapper.cfbundle; includeInIndex = 0; path = EstimoteDemoTests.xctest; sourceTree = BUILT_PRODUCTS_DIR; };
		4079935918F36A2400B847AD /* XCTest.framework */ = {isa = PBXFileReference; lastKnownFileType = wrapper.framework; name = XCTest.framework; path = Library/Frameworks/XCTest.framework; sourceTree = DEVELOPER_DIR; };
		4079936118F36A2400B847AD /* EstimoteDemoTests-Info.plist */ = {isa = PBXFileReference; lastKnownFileType = text.plist.xml; path = "EstimoteDemoTests-Info.plist"; sourceTree = "<group>"; };
		4079936318F36A2400B847AD /* en */ = {isa = PBXFileReference; lastKnownFileType = text.plist.strings; name = en; path = en.lproj/InfoPlist.strings; sourceTree = "<group>"; };
		4079936518F36A2400B847AD /* EstimoteDemoTests.m */ = {isa = PBXFileReference; lastKnownFileType = sourcecode.c.objc; path = EstimoteDemoTests.m; sourceTree = "<group>"; };
/* End PBXFileReference section */

/* Begin PBXFrameworksBuildPhase section */
		4079933418F36A2400B847AD /* Frameworks */ = {
			isa = PBXFrameworksBuildPhase;
			buildActionMask = 2147483647;
			files = (
				4079933D18F36A2400B847AD /* CoreGraphics.framework in Frameworks */,
				4079933F18F36A2400B847AD /* UIKit.framework in Frameworks */,
				4079933B18F36A2400B847AD /* Foundation.framework in Frameworks */,
			);
			runOnlyForDeploymentPostprocessing = 0;
		};
		4079935518F36A2400B847AD /* Frameworks */ = {
			isa = PBXFrameworksBuildPhase;
			buildActionMask = 2147483647;
			files = (
				4079935A18F36A2400B847AD /* XCTest.framework in Frameworks */,
				4079935C18F36A2400B847AD /* UIKit.framework in Frameworks */,
				4079935B18F36A2400B847AD /* Foundation.framework in Frameworks */,
			);
			runOnlyForDeploymentPostprocessing = 0;
		};
/* End PBXFrameworksBuildPhase section */

/* Begin PBXGroup section */
		4079932E18F36A2400B847AD = {
			isa = PBXGroup;
			children = (
				4079934018F36A2400B847AD /* EstimoteDemo */,
				4079935F18F36A2400B847AD /* EstimoteDemoTests */,
				4079933918F36A2400B847AD /* Frameworks */,
				4079933818F36A2400B847AD /* Products */,
			);
			sourceTree = "<group>";
		};
		4079933818F36A2400B847AD /* Products */ = {
			isa = PBXGroup;
			children = (
				4079933718F36A2400B847AD /* EstimoteDemo.app */,
				4079935818F36A2400B847AD /* EstimoteDemoTests.xctest */,
			);
			name = Products;
			sourceTree = "<group>";
		};
		4079933918F36A2400B847AD /* Frameworks */ = {
			isa = PBXGroup;
			children = (
				4079933A18F36A2400B847AD /* Foundation.framework */,
				4079933C18F36A2400B847AD /* CoreGraphics.framework */,
				4079933E18F36A2400B847AD /* UIKit.framework */,
				4079935918F36A2400B847AD /* XCTest.framework */,
			);
			name = Frameworks;
			sourceTree = "<group>";
		};
		4079934018F36A2400B847AD /* EstimoteDemo */ = {
			isa = PBXGroup;
			children = (
				4079934918F36A2400B847AD /* EDAppDelegate.h */,
				4079934A18F36A2400B847AD /* EDAppDelegate.m */,
				4079934C18F36A2400B847AD /* Main.storyboard */,
				4079934F18F36A2400B847AD /* EDViewController.h */,
				4079935018F36A2400B847AD /* EDViewController.m */,
				4079935218F36A2400B847AD /* Images.xcassets */,
				4079934118F36A2400B847AD /* Supporting Files */,
			);
			path = EstimoteDemo;
			sourceTree = "<group>";
		};
		4079934118F36A2400B847AD /* Supporting Files */ = {
			isa = PBXGroup;
			children = (
				4079934218F36A2400B847AD /* EstimoteDemo-Info.plist */,
				4079934318F36A2400B847AD /* InfoPlist.strings */,
				4079934618F36A2400B847AD /* main.m */,
				4079934818F36A2400B847AD /* EstimoteDemo-Prefix.pch */,
			);
			name = "Supporting Files";
			sourceTree = "<group>";
		};
		4079935F18F36A2400B847AD /* EstimoteDemoTests */ = {
			isa = PBXGroup;
			children = (
				4079936518F36A2400B847AD /* EstimoteDemoTests.m */,
				4079936018F36A2400B847AD /* Supporting Files */,
			);
			path = EstimoteDemoTests;
			sourceTree = "<group>";
		};
		4079936018F36A2400B847AD /* Supporting Files */ = {
			isa = PBXGroup;
			children = (
				4079936118F36A2400B847AD /* EstimoteDemoTests-Info.plist */,
				4079936218F36A2400B847AD /* InfoPlist.strings */,
			);
			name = "Supporting Files";
			sourceTree = "<group>";
		};
/* End PBXGroup section */

/* Begin PBXNativeTarget section */
		4079933618F36A2400B847AD /* EstimoteDemo */ = {
			isa = PBXNativeTarget;
			buildConfigurationList = 4079936918F36A2400B847AD /* Build configuration list for PBXNativeTarget "EstimoteDemo" */;
			buildPhases = (
				4079933318F36A2400B847AD /* Sources */,
				4079933418F36A2400B847AD /* Frameworks */,
				4079933518F36A2400B847AD /* Resources */,
			);
			buildRules = (
			);
			dependencies = (
			);
			name = EstimoteDemo;
			productName = EstimoteDemo;
			productReference = 4079933718F36A2400B847AD /* EstimoteDemo.app */;
			productType = "com.apple.product-type.application";
		};
		4079935718F36A2400B847AD /* EstimoteDemoTests */ = {
			isa = PBXNativeTarget;
			buildConfigurationList = 4079936C18F36A2400B847AD /* Build configuration list for PBXNativeTarget "EstimoteDemoTests" */;
			buildPhases = (
				4079935418F36A2400B847AD /* Sources */,
				4079935518F36A2400B847AD /* Frameworks */,
				4079935618F36A2400B847AD /* Resources */,
			);
			buildRules = (
			);
			dependencies = (
				4079935E18F36A2400B847AD /* PBXTargetDependency */,
			);
			name = EstimoteDemoTests;
			productName = EstimoteDemoTests;
			productReference = 4079935818F36A2400B847AD /* EstimoteDemoTests.xctest */;
			productType = "com.apple.product-type.bundle.unit-test";
		};
/* End PBXNativeTarget section */

/* Begin PBXProject section */
		4079932F18F36A2400B847AD /* Project object */ = {
			isa = PBXProject;
			attributes = {
				CLASSPREFIX = ED;
				LastUpgradeCheck = 0510;
				ORGANIZATIONNAME = kashorn;
				TargetAttributes = {
					4079935718F36A2400B847AD = {
						TestTargetID = 4079933618F36A2400B847AD;
					};
				};
			};
			buildConfigurationList = 4079933218F36A2400B847AD /* Build configuration list for PBXProject "EstimoteDemo" */;
			compatibilityVersion = "Xcode 3.2";
			developmentRegion = English;
			hasScannedForEncodings = 0;
			knownRegions = (
				en,
				Base,
			);
			mainGroup = 4079932E18F36A2400B847AD;
			productRefGroup = 4079933818F36A2400B847AD /* Products */;
			projectDirPath = "";
			projectRoot = "";
			targets = (
				4079933618F36A2400B847AD /* EstimoteDemo */,
				4079935718F36A2400B847AD /* EstimoteDemoTests */,
			);
		};
/* End PBXProject section */

/* Begin PBXResourcesBuildPhase section */
		4079933518F36A2400B847AD /* Resources */ = {
			isa = PBXResourcesBuildPhase;
			buildActionMask = 2147483647;
			files = (
				4079935318F36A2400B847AD /* Images.xcassets in Resources */,
				4079934518F36A2400B847AD /* InfoPlist.strings in Resources */,
				4079934E18F36A2400B847AD /* Main.storyboard in Resources */,
			);
			runOnlyForDeploymentPostprocessing = 0;
		};
		4079935618F36A2400B847AD /* Resources */ = {
			isa = PBXResourcesBuildPhase;
			buildActionMask = 2147483647;
			files = (
				4079936418F36A2400B847AD /* InfoPlist.strings in Resources */,
			);
			runOnlyForDeploymentPostprocessing = 0;
		};
/* End PBXResourcesBuildPhase section */

/* Begin PBXSourcesBuildPhase section */
		4079933318F36A2400B847AD /* Sources */ = {
			isa = PBXSourcesBuildPhase;
			buildActionMask = 2147483647;
			files = (
				4079935118F36A2400B847AD /* EDViewController.m in Sources */,
				4079934718F36A2400B847AD /* main.m in Sources */,
				4079934B18F36A2400B847AD /* EDAppDelegate.m in Sources */,
			);
			runOnlyForDeploymentPostprocessing = 0;
		};
		4079935418F36A2400B847AD /* Sources */ = {
			isa = PBXSourcesBuildPhase;
			buildActionMask = 2147483647;
			files = (
				4079936618F36A2400B847AD /* EstimoteDemoTests.m in Sources */,
			);
			runOnlyForDeploymentPostprocessing = 0;
		};
/* End PBXSourcesBuildPhase section */

/* Begin PBXTargetDependency section */
		4079935E18F36A2400B847AD /* PBXTargetDependency */ = {
			isa = PBXTargetDependency;
			target = 4079933618F36A2400B847AD /* EstimoteDemo */;
			targetProxy = 4079935D18F36A2400B847AD /* PBXContainerItemProxy */;
		};
/* End PBXTargetDependency section */

/* Begin PBXVariantGroup section */
		4079934318F36A2400B847AD /* InfoPlist.strings */ = {
			isa = PBXVariantGroup;
			children = (
				4079934418F36A2400B847AD /* en */,
			);
			name = InfoPlist.strings;
			sourceTree = "<group>";
		};
		4079934C18F36A2400B847AD /* Main.storyboard */ = {
			isa = PBXVariantGroup;
			children = (
				4079934D18F36A2400B847AD /* Base */,
			);
			name = Main.storyboard;
			sourceTree = "<group>";
		};
		4079936218F36A2400B847AD /* InfoPlist.strings */ = {
			isa = PBXVariantGroup;
			children = (
				4079936318F36A2400B847AD /* en */,
			);
			name = InfoPlist.strings;
			sourceTree = "<group>";
		};
/* End PBXVariantGroup section */

/* Begin XCBuildConfiguration section */
		4079936718F36A2400B847AD /* Debug */ = {
			isa = XCBuildConfiguration;
			buildSettings = {
				ALWAYS_SEARCH_USER_PATHS = NO;
				CLANG_CXX_LANGUAGE_STANDARD = "gnu++0x";
				CLANG_CXX_LIBRARY = "libc++";
				CLANG_ENABLE_MODULES = YES;
				CLANG_ENABLE_OBJC_ARC = YES;
				CLANG_WARN_BOOL_CONVERSION = YES;
				CLANG_WARN_CONSTANT_CONVERSION = YES;
				CLANG_WARN_DIRECT_OBJC_ISA_USAGE = YES_ERROR;
				CLANG_WARN_EMPTY_BODY = YES;
				CLANG_WARN_ENUM_CONVERSION = YES;
				CLANG_WARN_INT_CONVERSION = YES;
				CLANG_WARN_OBJC_ROOT_CLASS = YES_ERROR;
				CLANG_WARN__DUPLICATE_METHOD_MATCH = YES;
				"CODE_SIGN_IDENTITY[sdk=iphoneos*]" = "iPhone Developer";
				COPY_PHASE_STRIP = NO;
				GCC_C_LANGUAGE_STANDARD = gnu99;
				GCC_DYNAMIC_NO_PIC = NO;
				GCC_OPTIMIZATION_LEVEL = 0;
				GCC_PREPROCESSOR_DEFINITIONS = (
					"DEBUG=1",
					"$(inherited)",
				);
				GCC_SYMBOLS_PRIVATE_EXTERN = NO;
				GCC_WARN_64_TO_32_BIT_CONVERSION = YES;
				GCC_WARN_ABOUT_RETURN_TYPE = YES_ERROR;
				GCC_WARN_UNDECLARED_SELECTOR = YES;
				GCC_WARN_UNINITIALIZED_AUTOS = YES_AGGRESSIVE;
				GCC_WARN_UNUSED_FUNCTION = YES;
				GCC_WARN_UNUSED_VARIABLE = YES;
				IPHONEOS_DEPLOYMENT_TARGET = 7.1;
				ONLY_ACTIVE_ARCH = YES;
				SDKROOT = iphoneos;
			};
			name = Debug;
		};
		4079936818F36A2400B847AD /* Release */ = {
			isa = XCBuildConfiguration;
			buildSettings = {
				ALWAYS_SEARCH_USER_PATHS = NO;
				CLANG_CXX_LANGUAGE_STANDARD = "gnu++0x";
				CLANG_CXX_LIBRARY = "libc++";
				CLANG_ENABLE_MODULES = YES;
				CLANG_ENABLE_OBJC_ARC = YES;
				CLANG_WARN_BOOL_CONVERSION = YES;
				CLANG_WARN_CONSTANT_CONVERSION = YES;
				CLANG_WARN_DIRECT_OBJC_ISA_USAGE = YES_ERROR;
				CLANG_WARN_EMPTY_BODY = YES;
				CLANG_WARN_ENUM_CONVERSION = YES;
				CLANG_WARN_INT_CONVERSION = YES;
				CLANG_WARN_OBJC_ROOT_CLASS = YES_ERROR;
				CLANG_WARN__DUPLICATE_METHOD_MATCH = YES;
				"CODE_SIGN_IDENTITY[sdk=iphoneos*]" = "iPhone Developer";
				COPY_PHASE_STRIP = YES;
				ENABLE_NS_ASSERTIONS = NO;
				GCC_C_LANGUAGE_STANDARD = gnu99;
				GCC_WARN_64_TO_32_BIT_CONVERSION = YES;
				GCC_WARN_ABOUT_RETURN_TYPE = YES_ERROR;
				GCC_WARN_UNDECLARED_SELECTOR = YES;
				GCC_WARN_UNINITIALIZED_AUTOS = YES_AGGRESSIVE;
				GCC_WARN_UNUSED_FUNCTION = YES;
				GCC_WARN_UNUSED_VARIABLE = YES;
				IPHONEOS_DEPLOYMENT_TARGET = 7.1;
				SDKROOT = iphoneos;
				VALIDATE_PRODUCT = YES;
			};
			name = Release;
		};
		4079936A18F36A2400B847AD /* Debug */ = {
			isa = XCBuildConfiguration;
			buildSettings = {
				ASSETCATALOG_COMPILER_APPICON_NAME = AppIcon;
				ASSETCATALOG_COMPILER_LAUNCHIMAGE_NAME = LaunchImage;
				GCC_PRECOMPILE_PREFIX_HEADER = YES;
				GCC_PREFIX_HEADER = "EstimoteDemo/EstimoteDemo-Prefix.pch";
				INFOPLIST_FILE = "EstimoteDemo/EstimoteDemo-Info.plist";
				PRODUCT_NAME = "$(TARGET_NAME)";
				WRAPPER_EXTENSION = app;
			};
			name = Debug;
		};
		4079936B18F36A2400B847AD /* Release */ = {
			isa = XCBuildConfiguration;
			buildSettings = {
				ASSETCATALOG_COMPILER_APPICON_NAME = AppIcon;
				ASSETCATALOG_COMPILER_LAUNCHIMAGE_NAME = LaunchImage;
				GCC_PRECOMPILE_PREFIX_HEADER = YES;
				GCC_PREFIX_HEADER = "EstimoteDemo/EstimoteDemo-Prefix.pch";
				INFOPLIST_FILE = "EstimoteDemo/EstimoteDemo-Info.plist";
				PRODUCT_NAME = "$(TARGET_NAME)";
				WRAPPER_EXTENSION = app;
			};
			name = Release;
		};
		4079936D18F36A2400B847AD /* Debug */ = {
			isa = XCBuildConfiguration;
			buildSettings = {
				BUNDLE_LOADER = "$(BUILT_PRODUCTS_DIR)/EstimoteDemo.app/EstimoteDemo";
				FRAMEWORK_SEARCH_PATHS = (
					"$(SDKROOT)/Developer/Library/Frameworks",
					"$(inherited)",
					"$(DEVELOPER_FRAMEWORKS_DIR)",
				);
				GCC_PRECOMPILE_PREFIX_HEADER = YES;
				GCC_PREFIX_HEADER = "EstimoteDemo/EstimoteDemo-Prefix.pch";
				GCC_PREPROCESSOR_DEFINITIONS = (
					"DEBUG=1",
					"$(inherited)",
				);
				INFOPLIST_FILE = "EstimoteDemoTests/EstimoteDemoTests-Info.plist";
				PRODUCT_NAME = "$(TARGET_NAME)";
				TEST_HOST = "$(BUNDLE_LOADER)";
				WRAPPER_EXTENSION = xctest;
			};
			name = Debug;
		};
		4079936E18F36A2400B847AD /* Release */ = {
			isa = XCBuildConfiguration;
			buildSettings = {
				BUNDLE_LOADER = "$(BUILT_PRODUCTS_DIR)/EstimoteDemo.app/EstimoteDemo";
				FRAMEWORK_SEARCH_PATHS = (
					"$(SDKROOT)/Developer/Library/Frameworks",
					"$(inherited)",
					"$(DEVELOPER_FRAMEWORKS_DIR)",
				);
				GCC_PRECOMPILE_PREFIX_HEADER = YES;
				GCC_PREFIX_HEADER = "EstimoteDemo/EstimoteDemo-Prefix.pch";
				INFOPLIST_FILE = "EstimoteDemoTests/EstimoteDemoTests-Info.plist";
				PRODUCT_NAME = "$(TARGET_NAME)";
				TEST_HOST = "$(BUNDLE_LOADER)";
				WRAPPER_EXTENSION = xctest;
			};
			name = Release;
		};
/* End XCBuildConfiguration section */

/* Begin XCConfigurationList section */
		4079933218F36A2400B847AD /* Build configuration list for PBXProject "EstimoteDemo" */ = {
			isa = XCConfigurationList;
			buildConfigurations = (
				4079936718F36A2400B847AD /* Debug */,
				4079936818F36A2400B847AD /* Release */,
			);
			defaultConfigurationIsVisible = 0;
			defaultConfigurationName = Release;
		};
		4079936918F36A2400B847AD /* Build configuration list for PBXNativeTarget "EstimoteDemo" */ = {
			isa = XCConfigurationList;
			buildConfigurations = (
				4079936A18F36A2400B847AD /* Debug */,
				4079936B18F36A2400B847AD /* Release */,
			);
			defaultConfigurationIsVisible = 0;
		};
		4079936C18F36A2400B847AD /* Build configuration list for PBXNativeTarget "EstimoteDemoTests" */ = {
			isa = XCConfigurationList;
			buildConfigurations = (
				4079936D18F36A2400B847AD /* Debug */,
				4079936E18F36A2400B847AD /* Release */,
			);
			defaultConfigurationIsVisible = 0;
		};
/* End XCConfigurationList section */
	};
	rootObject = 4079932F18F36A2400B847AD /* Project object */;
}
